
Microsoft Visual Studio Solution File, Format Version 11.00
# Visual Web Developer Express 2010
Project("{FAE04EC0-301F-11D3-BF4B-00C04F79EFBC}") = "Poker", "Poker\Poker.csproj", "{DDCEA01B-F711-4C36-BD2D-449196B748B7}"
EndProject
Global
	GlobalSection(SolutionConfigurationPlatforms) = preSolution
		Debug|Any CPU = Debug|Any CPU
		Release|Any CPU = Release|Any CPU
	EndGlobalSection
	GlobalSection(ProjectConfigurationPlatforms) = postSolution
		{DDCEA01B-F711-4C36-BD2D-449196B748B7}.Debug|Any CPU.ActiveCfg = Debug|Any CPU
		{DDCEA01B-F711-4C36-BD2D-449196B748B7}.Debug|Any CPU.Build.0 = Debug|Any CPU
		{DDCEA01B-F711-4C36-BD2D-449196B748B7}.Release|Any CPU.ActiveCfg = Release|Any CPU
		{DDCEA01B-F711-4C36-BD2D-449196B748B7}.Release|Any CPU.Build.0 = Release|Any CPU
	EndGlobalSection
	GlobalSection(SolutionProperties) = preSolution
		HideSolutionNode = FALSE
	EndGlobalSection
EndGlobal
